// !$*UTF8*$!
{
	archiveVersion = 1;
	classes = {
	};
	objectVersion = 46;
	objects = {

/* Begin PBXBuildFile section */
		8EF047C01CF42FAD00B22F13 /* AppDelegate.swift in Sources */ = {isa = PBXBuildFile; fileRef = 8EF047BF1CF42FAD00B22F13 /* AppDelegate.swift */; };
		8EF047C21CF42FAD00B22F13 /* ViewController.swift in Sources */ = {isa = PBXBuildFile; fileRef = 8EF047C11CF42FAD00B22F13 /* ViewController.swift */; };
		8EF047C51CF42FAD00B22F13 /* Main.storyboard in Resources */ = {isa = PBXBuildFile; fileRef = 8EF047C31CF42FAD00B22F13 /* Main.storyboard */; };
		8EF047C71CF42FAD00B22F13 /* Assets.xcassets in Resources */ = {isa = PBXBuildFile; fileRef = 8EF047C61CF42FAD00B22F13 /* Assets.xcassets */; };
		8EF047CA1CF42FAD00B22F13 /* LaunchScreen.storyboard in Resources */ = {isa = PBXBuildFile; fileRef = 8EF047C81CF42FAD00B22F13 /* LaunchScreen.storyboard */; };
/* End PBXBuildFile section */

/* Begin PBXFileReference section */
		8EF047BC1CF42FAD00B22F13 /* pokedex-by-Tony.app */ = {isa = PBXFileReference; explicitFileType = wrapper.application; includeInIndex = 0; path = "pokedex-by-Tony.app"; sourceTree = BUILT_PRODUCTS_DIR; };
		8EF047BF1CF42FAD00B22F13 /* AppDelegate.swift */ = {isa = PBXFileReference; lastKnownFileType = sourcecode.swift; path = AppDelegate.swift; sourceTree = "<group>"; };
		8EF047C11CF42FAD00B22F13 /* ViewController.swift */ = {isa = PBXFileReference; lastKnownFileType = sourcecode.swift; path = ViewController.swift; sourceTree = "<group>"; };
		8EF047C41CF42FAD00B22F13 /* Base */ = {isa = PBXFileReference; lastKnownFileType = file.storyboard; name = Base; path = Base.lproj/Main.storyboard; sourceTree = "<group>"; };
		8EF047C61CF42FAD00B22F13 /* Assets.xcassets */ = {isa = PBXFileReference; lastKnownFileType = folder.assetcatalog; path = Assets.xcassets; sourceTree = "<group>"; };
		8EF047C91CF42FAD00B22F13 /* Base */ = {isa = PBXFileReference; lastKnownFileType = file.storyboard; name = Base; path = Base.lproj/LaunchScreen.storyboard; sourceTree = "<group>"; };
		8EF047CB1CF42FAD00B22F13 /* Info.plist */ = {isa = PBXFileReference; lastKnownFileType = text.plist.xml; path = Info.plist; sourceTree = "<group>"; };
/* End PBXFileReference section */

/* Begin PBXFrameworksBuildPhase section */
		8EF047B91CF42FAD00B22F13 /* Frameworks */ = {
			isa = PBXFrameworksBuildPhase;
			buildActionMask = 2147483647;
			files = (
			);
			runOnlyForDeploymentPostprocessing = 0;
		};
/* End PBXFrameworksBuildPhase section */

/* Begin PBXGroup section */
		8EF047B31CF42FAD00B22F13 = {
			isa = PBXGroup;
			children = (
				8EF047BE1CF42FAD00B22F13 /* pokedex-by-Tony */,
				8EF047BD1CF42FAD00B22F13 /* Products */,
			);
			sourceTree = "<group>";
		};
		8EF047BD1CF42FAD00B22F13 /* Products */ = {
			isa = PBXGroup;
			children = (
				8EF047BC1CF42FAD00B22F13 /* pokedex-by-Tony.app */,
			);
			name = Products;
			sourceTree = "<group>";
		};
		8EF047BE1CF42FAD00B22F13 /* pokedex-by-Tony */ = {
			isa = PBXGroup;
			children = (
				8EF047BF1CF42FAD00B22F13 /* AppDelegate.swift */,
				8EF047C11CF42FAD00B22F13 /* ViewController.swift */,
				8EF047C31CF42FAD00B22F13 /* Main.storyboard */,
				8EF047C61CF42FAD00B22F13 /* Assets.xcassets */,
				8EF047C81CF42FAD00B22F13 /* LaunchScreen.storyboard */,
				8EF047CB1CF42FAD00B22F13 /* Info.plist */,
			);
			path = "pokedex-by-Tony";
			sourceTree = "<group>";
		};
/* End PBXGroup section */

/* Begin PBXNativeTarget section */
		8EF047BB1CF42FAD00B22F13 /* pokedex-by-Tony */ = {
			isa = PBXNativeTarget;
			buildConfigurationList = 8EF047CE1CF42FAD00B22F13 /* Build configuration list for PBXNativeTarget "pokedex-by-Tony" */;
			buildPhases = (
				8EF047B81CF42FAD00B22F13 /* Sources */,
				8EF047B91CF42FAD00B22F13 /* Frameworks */,
				8EF047BA1CF42FAD00B22F13 /* Resources */,
			);
			buildRules = (
			);
			dependencies = (
			);
			name = "pokedex-by-Tony";
			productName = "pokedex-by-Tony";
			productReference = 8EF047BC1CF42FAD00B22F13 /* pokedex-by-Tony.app */;
			productType = "com.apple.product-type.application";
		};
/* End PBXNativeTarget section */

/* Begin PBXProject section */
		8EF047B41CF42FAD00B22F13 /* Project object */ = {
			isa = PBXProject;
			attributes = {
				LastSwiftUpdateCheck = 0730;
				LastUpgradeCheck = 0730;
				ORGANIZATIONNAME = "Shuaiji Qian";
				TargetAttributes = {
					8EF047BB1CF42FAD00B22F13 = {
						CreatedOnToolsVersion = 7.3.1;
					};
				};
			};
			buildConfigurationList = 8EF047B71CF42FAD00B22F13 /* Build configuration list for PBXProject "pokedex-by-Tony" */;
			compatibilityVersion = "Xcode 3.2";
			developmentRegion = English;
			hasScannedForEncodings = 0;
			knownRegions = (
				en,
				Base,
			);
			mainGroup = 8EF047B31CF42FAD00B22F13;
			productRefGroup = 8EF047BD1CF42FAD00B22F13 /* Products */;
			projectDirPath = "";
			projectRoot = "";
			targets = (
				8EF047BB1CF42FAD00B22F13 /* pokedex-by-Tony */,
			);
		};
/* End PBXProject section */

/* Begin PBXResourcesBuildPhase section */
		8EF047BA1CF42FAD00B22F13 /* Resources */ = {
			isa = PBXResourcesBuildPhase;
			buildActionMask = 2147483647;
			files = (
				8EF047CA1CF42FAD00B22F13 /* LaunchScreen.storyboard in Resources */,
				8EF047C71CF42FAD00B22F13 /* Assets.xcassets in Resources */,
				8EF047C51CF42FAD00B22F13 /* Main.storyboard in Resources */,
			);
			runOnlyForDeploymentPostprocessing = 0;
		};
/* End PBXResourcesBuildPhase section */

/* Begin PBXSourcesBuildPhase section */
		8EF047B81CF42FAD00B22F13 /* Sources */ = {
			isa = PBXSourcesBuildPhase;
			buildActionMask = 2147483647;
			files = (
				8EF047C21CF42FAD00B22F13 /* ViewController.swift in Sources */,
				8EF047C01CF42FAD00B22F13 /* AppDelegate.swift in Sources */,
			);
			runOnlyForDeploymentPostprocessing = 0;
		};
/* End PBXSourcesBuildPhase section */

/* Begin PBXVariantGroup section */
		8EF047C31CF42FAD00B22F13 /* Main.storyboard */ = {
			isa = PBXVariantGroup;
			children = (
				8EF047C41CF42FAD00B22F13 /* Base */,
			);
			name = Main.storyboard;
			sourceTree = "<group>";
		};
		8EF047C81CF42FAD00B22F13 /* LaunchScreen.storyboard */ = {
			isa = PBXVariantGroup;
			children = (
				8EF047C91CF42FAD00B22F13 /* Base */,
			);
			name = LaunchScreen.storyboard;
			sourceTree = "<group>";
		};
/* End PBXVariantGroup section */

/* Begin XCBuildConfiguration section */
		8EF047CC1CF42FAD00B22F13 /* Debug */ = {
			isa = XCBuildConfiguration;
			buildSettings = {
				ALWAYS_SEARCH_USER_PATHS = NO;
				CLANG_ANALYZER_NONNULL = YES;
				CLANG_CXX_LANGUAGE_STANDARD = "gnu++0x";
				CLANG_CXX_LIBRARY = "libc++";
				CLANG_ENABLE_MODULES = YES;
				CLANG_ENABLE_OBJC_ARC = YES;
				CLANG_WARN_BOOL_CONVERSION = YES;
				CLANG_WARN_CONSTANT_CONVERSION = YES;
				CLANG_WARN_DIRECT_OBJC_ISA_USAGE = YES_ERROR;
				CLANG_WARN_EMPTY_BODY = YES;
				CLANG_WARN_ENUM_CONVERSION = YES;
				CLANG_WARN_INT_CONVERSION = YES;
				CLANG_WARN_OBJC_ROOT_CLASS = YES_ERROR;
				CLANG_WARN_UNREACHABLE_CODE = YES;
				CLANG_WARN__DUPLICATE_METHOD_MATCH = YES;
				"CODE_SIGN_IDENTITY[sdk=iphoneos*]" = "iPhone Developer";
				COPY_PHASE_STRIP = NO;
				DEBUG_INFORMATION_FORMAT = dwarf;
				ENABLE_STRICT_OBJC_MSGSEND = YES;
				ENABLE_TESTABILITY = YES;
				GCC_C_LANGUAGE_STANDARD = gnu99;
				GCC_DYNAMIC_NO_PIC = NO;
				GCC_NO_COMMON_BLOCKS = YES;
				GCC_OPTIMIZATION_LEVEL = 0;
				GCC_PREPROCESSOR_DEFINITIONS = (
					"DEBUG=1",
					"$(inherited)",
				);
				GCC_WARN_64_TO_32_BIT_CONVERSION = YES;
				GCC_WARN_ABOUT_RETURN_TYPE = YES_ERROR;
				GCC_WARN_UNDECLARED_SELECTOR = YES;
				GCC_WARN_UNINITIALIZED_AUTOS = YES_AGGRESSIVE;
				GCC_WARN_UNUSED_FUNCTION = YES;
				GCC_WARN_UNUSED_VARIABLE = YES;
				IPHONEOS_DEPLOYMENT_TARGET = 9.3;
				MTL_ENABLE_DEBUG_INFO = YES;
				ONLY_ACTIVE_ARCH = YES;
				SDKROOT = iphoneos;
				SWIFT_OPTIMIZATION_LEVEL = "-Onone";
				TARGETED_DEVICE_FAMILY = "1,2";
			};
			name = Debug;
		};
		8EF047CD1CF42FAD00B22F13 /* Release */ = {
			isa = XCBuildConfiguration;
			buildSettings = {
				ALWAYS_SEARCH_USER_PATHS = NO;
				CLANG_ANALYZER_NONNULL = YES;
				CLANG_CXX_LANGUAGE_STANDARD = "gnu++0x";
				CLANG_CXX_LIBRARY = "libc++";
				CLANG_ENABLE_MODULES = YES;
				CLANG_ENABLE_OBJC_ARC = YES;
				CLANG_WARN_BOOL_CONVERSION = YES;
				CLANG_WARN_CONSTANT_CONVERSION = YES;
				CLANG_WARN_DIRECT_OBJC_ISA_USAGE = YES_ERROR;
				CLANG_WARN_EMPTY_BODY = YES;
				CLANG_WARN_ENUM_CONVERSION = YES;
				CLANG_WARN_INT_CONVERSION = YES;
				CLANG_WARN_OBJC_ROOT_CLASS = YES_ERROR;
				CLANG_WARN_UNREACHABLE_CODE = YES;
				CLANG_WARN__DUPLICATE_METHOD_MATCH = YES;
				"CODE_SIGN_IDENTITY[sdk=iphoneos*]" = "iPhone Developer";
				COPY_PHASE_STRIP = NO;
				DEBUG_INFORMATION_FORMAT = "dwarf-with-dsym";
				ENABLE_NS_ASSERTIONS = NO;
				ENABLE_STRICT_OBJC_MSGSEND = YES;
				GCC_C_LANGUAGE_STANDARD = gnu99;
				GCC_NO_COMMON_BLOCKS = YES;
				GCC_WARN_64_TO_32_BIT_CONVERSION = YES;
				GCC_WARN_ABOUT_RETURN_TYPE = YES_ERROR;
				GCC_WARN_UNDECLARED_SELECTOR = YES;
				GCC_WARN_UNINITIALIZED_AUTOS = YES_AGGRESSIVE;
				GCC_WARN_UNUSED_FUNCTION = YES;
				GCC_WARN_UNUSED_VARIABLE = YES;
				IPHONEOS_DEPLOYMENT_TARGET = 9.3;
				MTL_ENABLE_DEBUG_INFO = NO;
				SDKROOT = iphoneos;
				TARGETED_DEVICE_FAMILY = "1,2";
				VALIDATE_PRODUCT = YES;
			};
			name = Release;
		};
		8EF047CF1CF42FAD00B22F13 /* Debug */ = {
			isa = XCBuildConfiguration;
			buildSettings = {
				ASSETCATALOG_COMPILER_APPICON_NAME = AppIcon;
				INFOPLIST_FILE = "pokedex-by-Tony/Info.plist";
				LD_RUNPATH_SEARCH_PATHS = "$(inherited) @executable_path/Frameworks";
				PRODUCT_BUNDLE_IDENTIFIER = "Tony-Qian.pokedex-by-Tony";
				PRODUCT_NAME = "$(TARGET_NAME)";
			};
			name = Debug;
		};
		8EF047D01CF42FAD00B22F13 /* Release */ = {
			isa = XCBuildConfiguration;
			buildSettings = {
				ASSETCATALOG_COMPILER_APPICON_NAME = AppIcon;
				INFOPLIST_FILE = "pokedex-by-Tony/Info.plist";
				LD_RUNPATH_SEARCH_PATHS = "$(inherited) @executable_path/Frameworks";
				PRODUCT_BUNDLE_IDENTIFIER = "Tony-Qian.pokedex-by-Tony";
				PRODUCT_NAME = "$(TARGET_NAME)";
			};
			name = Release;
		};
/* End XCBuildConfiguration section */

/* Begin XCConfigurationList section */
		8EF047B71CF42FAD00B22F13 /* Build configuration list for PBXProject "pokedex-by-Tony" */ = {
			isa = XCConfigurationList;
			buildConfigurations = (
				8EF047CC1CF42FAD00B22F13 /* Debug */,
				8EF047CD1CF42FAD00B22F13 /* Release */,
			);
			defaultConfigurationIsVisible = 0;
			defaultConfigurationName = Release;
		};
		8EF047CE1CF42FAD00B22F13 /* Build configuration list for PBXNativeTarget "pokedex-by-Tony" */ = {
			isa = XCConfigurationList;
			buildConfigurations = (
				8EF047CF1CF42FAD00B22F13 /* Debug */,
				8EF047D01CF42FAD00B22F13 /* Release */,
			);
			defaultConfigurationIsVisible = 0;
		};
/* End XCConfigurationList section */
	};
	rootObject = 8EF047B41CF42FAD00B22F13 /* Project object */;
}
